
Microsoft Visual Studio Solution File, Format Version 12.00
# Visual Studio Version 16
VisualStudioVersion = 16.0.32413.511
MinimumVisualStudioVersion = 10.0.40219.1
Project("{FAE04EC0-301F-11D3-BF4B-00C04F79EFBC}") = "dependency_injection_customer_list", "dependency_injection_customer_list\dependency_injection_customer_list.csproj", "{A925B923-81F7-4656-BFA6-7AD27A12D8E1}"
EndProject
Global
	GlobalSection(SolutionConfigurationPlatforms) = preSolution
		Debug|Any CPU = Debug|Any CPU
		Release|Any CPU = Release|Any CPU
	EndGlobalSection
	GlobalSection(ProjectConfigurationPlatforms) = postSolution
		{A925B923-81F7-4656-BFA6-7AD27A12D8E1}.Debug|Any CPU.ActiveCfg = Debug|Any CPU
		{A925B923-81F7-4656-BFA6-7AD27A12D8E1}.Debug|Any CPU.Build.0 = Debug|Any CPU
		{A925B923-81F7-4656-BFA6-7AD27A12D8E1}.Release|Any CPU.ActiveCfg = Release|Any CPU
		{A925B923-81F7-4656-BFA6-7AD27A12D8E1}.Release|Any CPU.Build.0 = Release|Any CPU
	EndGlobalSection
	GlobalSection(SolutionProperties) = preSolution
		HideSolutionNode = FALSE
	EndGlobalSection
	GlobalSection(ExtensibilityGlobals) = postSolution
		SolutionGuid = {99317C97-467E-41A6-A2A4-B42863404E63}
	EndGlobalSection
EndGlobal
